lockfileVersion: '6.0'

importers:

  .: {}

  packages/public: {}

  packages/types: {}

  packages/web-browsing:
    dependencies:
      '@mozilla/readability':
        specifier: ^0.4.4
        version: 0.4.4
    devDependencies:
      '@anse/plugin-types':
        specifier: workspace:^
        version: link:../types

packages:

  /@mozilla/readability@0.4.4:
    resolution: {integrity: sha512-MCgZyANpJ6msfvVMi6+A0UAsvZj//4OHREYUB9f2087uXHVoU+H+SWhuihvb1beKpM323bReQPRio0WNk2+V6g==}
    engines: {node: '>=14.0.0'}
    dev: false
